{
    "_readme": [
        "This file locks the dependencies of your project to a known state",
        "Read more about it at https://getcomposer.org/doc/01-basic-usage.md#installing-dependencies",
        "This file is @generated automatically"
    ],
    "content-hash": "530ac8fce972f113b65b903ba9111842",
    "packages": [
        {
            "name": "captcha-com/captcha",
            "version": "4.2.5",
            "source": {
                "type": "git",
                "url": "https://git.captcha.com/botdetect-php-captcha-library.git",
                "reference": "4b8b642509bfc63d2f295dccf1c1b4d0e2266a15"
            },
            "require": {
                "php": ">=5.3.0"
            },
            "suggest": {
                "captcha-com/cakephp-captcha": "CakePHP Captcha Plugin -- BotDetect PHP CAPTCHA generator integration for the CakePHP framework.",
                "captcha-com/laravel-captcha": "Laravel Captcha Package -- BotDetect PHP CAPTCHA generator integration for the Laravel framework.",
                "captcha-com/symfony-captcha-bundle": "Symfony Captcha Bundle -- BotDetect PHP CAPTCHA generator integration for the Symfony framework."
            },
            "type": "library",
            "extra": {
                "branch-alias": {
                    "dev-master": "4.x-dev"
                }
            },
            "notification-url": "https://packagist.org/downloads/",
            "license": [
                "proprietary"
            ],
            "authors": [
                {
                    "name": "Captcha Support",
                    "email": "botdetect.support@captcha.com",
                    "homepage": "https://captcha.com/php-captcha.html"
                }
            ],
            "description": "Captcha Generator -- BotDetect PHP CAPTCHA Free composer package.",
            "homepage": "https://captcha.com/php-captcha.html",
            "keywords": [
                "captcha",
                "captcha generator",
                "captcha library",
                "php captcha"
            ],
            "support": {
                "email": "botdetect.support@captcha.com",
                "forum": "https://captcha.com/support",
                "issues": "https://captcha.com/support",
                "source": "https://captcha.com/php-captcha.html"
            },
            "time": "2019-07-22T16:36:53+00:00"
        },
        {
            "name": "captcha-com/symfony-captcha-bundle",
            "version": "4.2.12",
            "source": {
                "type": "git",
                "url": "https://github.com/captcha-com/symfony-captcha-bundle.git",
                "reference": "fd071c3f36d646ff87b591ddb3ea531c5f3678c2"
            },
            "dist": {
                "type": "zip",
                "url": "https://api.github.com/repos/captcha-com/symfony-captcha-bundle/zipball/fd071c3f36d646ff87b591ddb3ea531c5f3678c2",
                "reference": "fd071c3f36d646ff87b591ddb3ea531c5f3678c2",
                "shasum": ""
            },
            "require": {
                "captcha-com/captcha": "4.*",
                "php": ">=5.3.9"
            },
            "type": "symfony-bundle",
            "extra": {
                "branch-alias": {
                    "dev-master": "4.x-dev"
                }
            },
            "autoload": {
                "psr-4": {
                    "Captcha\\Bundle\\CaptchaBundle\\": "/"
                }
            },
            "notification-url": "https://packagist.org/downloads/",
            "authors": [
                {
                    "name": "Symfony Captcha Bundle Support",
                    "email": "botdetect.support@captcha.com",
                    "homepage": "https://captcha.com/doc/php/symfony-captcha-bundle-quickstart.html"
                }
            ],
            "description": "Symfony Captcha Bundle -- BotDetect PHP Captcha generator integration for the Symfony framework.",
            "homepage": "https://captcha.com/doc/php/symfony-captcha-bundle-quickstart.html",
            "keywords": [
                "botdetect",
                "captcha",
                "captcha bundle",
                "captcha generator",
                "symfony captcha",
                "symfony captcha bundle"
            ],
            "support": {
                "email": "botdetect.support@captcha.com",
                "forum": "https://captcha.com/support",
                "issues": "https://captcha.com/support",
                "source": "https://captcha.com/doc/php/symfony-captcha-bundle-quickstart.html"
            },
            "time": "2019-08-08T16:56:37+00:00"
        }
    ],
    "packages-dev": [],
    "aliases": [],
    "minimum-stability": "stable",
    "stability-flags": [],
    "prefer-stable": false,
    "prefer-lowest": false,
    "platform": [],
    "platform-dev": [],
    "plugin-api-version": "2.1.0"
}
